
Microsoft Visual Studio Solution File, Format Version 12.00
# Visual Studio Version 17
VisualStudioVersion = 17.0.32014.148
MinimumVisualStudioVersion = 10.0.40219.1
Project("{FAE04EC0-301F-11D3-BF4B-00C04F79EFBC}") = "projeto-teste", "projeto-teste\projeto-teste.csproj", "{7824A41F-CFBA-41F6-BB6F-60B7A12AA138}"
EndProject
Global
	GlobalSection(SolutionConfigurationPlatforms) = preSolution
		Debug|Any CPU = Debug|Any CPU
		Release|Any CPU = Release|Any CPU
	EndGlobalSection
	GlobalSection(ProjectConfigurationPlatforms) = postSolution
		{7824A41F-CFBA-41F6-BB6F-60B7A12AA138}.Debug|Any CPU.ActiveCfg = Debug|Any CPU
		{7824A41F-CFBA-41F6-BB6F-60B7A12AA138}.Debug|Any CPU.Build.0 = Debug|Any CPU
		{7824A41F-CFBA-41F6-BB6F-60B7A12AA138}.Release|Any CPU.ActiveCfg = Release|Any CPU
		{7824A41F-CFBA-41F6-BB6F-60B7A12AA138}.Release|Any CPU.Build.0 = Release|Any CPU
	EndGlobalSection
	GlobalSection(SolutionProperties) = preSolution
		HideSolutionNode = FALSE
	EndGlobalSection
	GlobalSection(ExtensibilityGlobals) = postSolution
		SolutionGuid = {9195DA7C-A5BD-4A72-986D-E11D36B8890B}
	EndGlobalSection
EndGlobal
